
Microsoft Visual Studio Solution File, Format Version 12.00
# Visual Studio Version 16
VisualStudioVersion = 16.0.33328.57
MinimumVisualStudioVersion = 10.0.40219.1
Project("{FAE04EC0-301F-11D3-BF4B-00C04F79EFBC}") = "TodoApplication", "TodoApplication.csproj", "{8D613C27-535F-4FB6-8CA8-8A1A80E7A9DF}"
EndProject
Global
	GlobalSection(SolutionConfigurationPlatforms) = preSolution
		Debug|Any CPU = Debug|Any CPU
		Release|Any CPU = Release|Any CPU
	EndGlobalSection
	GlobalSection(ProjectConfigurationPlatforms) = postSolution
		{8D613C27-535F-4FB6-8CA8-8A1A80E7A9DF}.Debug|Any CPU.ActiveCfg = Debug|Any CPU
		{8D613C27-535F-4FB6-8CA8-8A1A80E7A9DF}.Debug|Any CPU.Build.0 = Debug|Any CPU
		{8D613C27-535F-4FB6-8CA8-8A1A80E7A9DF}.Release|Any CPU.ActiveCfg = Release|Any CPU
		{8D613C27-535F-4FB6-8CA8-8A1A80E7A9DF}.Release|Any CPU.Build.0 = Release|Any CPU
	EndGlobalSection
	GlobalSection(SolutionProperties) = preSolution
		HideSolutionNode = FALSE
	EndGlobalSection
	GlobalSection(ExtensibilityGlobals) = postSolution
		SolutionGuid = {58201940-135E-4095-AFB1-4226A69DB408}
	EndGlobalSection
EndGlobal
